// !$*UTF8*$!
{
	archiveVersion = 1;
	classes = {
	};
	objectVersion = 46;
	objects = {

/* Begin PBXBuildFile section */
		9B7263D51F9A21D600766A7A /* RatingControl.swift in Sources */ = {isa = PBXBuildFile; fileRef = 9B7263D41F9A21D600766A7A /* RatingControl.swift */; };
		9B7263D71F9A305600766A7A /* MealViewController.swift in Sources */ = {isa = PBXBuildFile; fileRef = 9B7263D61F9A305600766A7A /* MealViewController.swift */; };
		9B7263D91F9A425C00766A7A /* Meal.swift in Sources */ = {isa = PBXBuildFile; fileRef = 9B7263D81F9A425C00766A7A /* Meal.swift */; };
		9B7263DB1F9A426800766A7A /* Restaurant.swift in Sources */ = {isa = PBXBuildFile; fileRef = 9B7263DA1F9A426800766A7A /* Restaurant.swift */; };
		9B7263DD1F9A4A4500766A7A /* RestaurantTableViewCell.swift in Sources */ = {isa = PBXBuildFile; fileRef = 9B7263DC1F9A4A4500766A7A /* RestaurantTableViewCell.swift */; };
		9B7263DF1F9A4FAE00766A7A /* RestaurantTableViewController.swift in Sources */ = {isa = PBXBuildFile; fileRef = 9B7263DE1F9A4FAE00766A7A /* RestaurantTableViewController.swift */; };
		9B7F12F21F977C5F00B1E6CA /* AppDelegate.swift in Sources */ = {isa = PBXBuildFile; fileRef = 9B7F12F11F977C5F00B1E6CA /* AppDelegate.swift */; };
		9B7F12F41F977C5F00B1E6CA /* ViewController.swift in Sources */ = {isa = PBXBuildFile; fileRef = 9B7F12F31F977C5F00B1E6CA /* ViewController.swift */; };
		9B7F12F71F977C5F00B1E6CA /* Main.storyboard in Resources */ = {isa = PBXBuildFile; fileRef = 9B7F12F51F977C5F00B1E6CA /* Main.storyboard */; };
		9B7F12F91F977C5F00B1E6CA /* Assets.xcassets in Resources */ = {isa = PBXBuildFile; fileRef = 9B7F12F81F977C5F00B1E6CA /* Assets.xcassets */; };
		9B7F12FC1F977C5F00B1E6CA /* LaunchScreen.storyboard in Resources */ = {isa = PBXBuildFile; fileRef = 9B7F12FA1F977C5F00B1E6CA /* LaunchScreen.storyboard */; };
		9B7F13071F977C6000B1E6CA /* myRestaurantsASRTests.swift in Sources */ = {isa = PBXBuildFile; fileRef = 9B7F13061F977C6000B1E6CA /* myRestaurantsASRTests.swift */; };
		9B7F13121F977C6000B1E6CA /* myRestaurantsASRUITests.swift in Sources */ = {isa = PBXBuildFile; fileRef = 9B7F13111F977C6000B1E6CA /* myRestaurantsASRUITests.swift */; };
/* End PBXBuildFile section */

/* Begin PBXContainerItemProxy section */
		9B7F13031F977C6000B1E6CA /* PBXContainerItemProxy */ = {
			isa = PBXContainerItemProxy;
			containerPortal = 9B7F12E61F977C5F00B1E6CA /* Project object */;
			proxyType = 1;
			remoteGlobalIDString = 9B7F12ED1F977C5F00B1E6CA;
			remoteInfo = myRestaurantsASR;
		};
		9B7F130E1F977C6000B1E6CA /* PBXContainerItemProxy */ = {
			isa = PBXContainerItemProxy;
			containerPortal = 9B7F12E61F977C5F00B1E6CA /* Project object */;
			proxyType = 1;
			remoteGlobalIDString = 9B7F12ED1F977C5F00B1E6CA;
			remoteInfo = myRestaurantsASR;
		};
/* End PBXContainerItemProxy section */

/* Begin PBXFileReference section */
		9B7263D41F9A21D600766A7A /* RatingControl.swift */ = {isa = PBXFileReference; fileEncoding = 4; lastKnownFileType = sourcecode.swift; path = RatingControl.swift; sourceTree = "<group>"; };
		9B7263D61F9A305600766A7A /* MealViewController.swift */ = {isa = PBXFileReference; fileEncoding = 4; lastKnownFileType = sourcecode.swift; path = MealViewController.swift; sourceTree = "<group>"; };
		9B7263D81F9A425C00766A7A /* Meal.swift */ = {isa = PBXFileReference; fileEncoding = 4; lastKnownFileType = sourcecode.swift; path = Meal.swift; sourceTree = "<group>"; };
		9B7263DA1F9A426800766A7A /* Restaurant.swift */ = {isa = PBXFileReference; fileEncoding = 4; lastKnownFileType = sourcecode.swift; path = Restaurant.swift; sourceTree = "<group>"; };
		9B7263DC1F9A4A4500766A7A /* RestaurantTableViewCell.swift */ = {isa = PBXFileReference; fileEncoding = 4; lastKnownFileType = sourcecode.swift; path = RestaurantTableViewCell.swift; sourceTree = "<group>"; };
		9B7263DE1F9A4FAE00766A7A /* RestaurantTableViewController.swift */ = {isa = PBXFileReference; fileEncoding = 4; lastKnownFileType = sourcecode.swift; path = RestaurantTableViewController.swift; sourceTree = "<group>"; };
		9B7F12EE1F977C5F00B1E6CA /* myRestaurantsASR.app */ = {isa = PBXFileReference; explicitFileType = wrapper.application; includeInIndex = 0; path = myRestaurantsASR.app; sourceTree = BUILT_PRODUCTS_DIR; };
		9B7F12F11F977C5F00B1E6CA /* AppDelegate.swift */ = {isa = PBXFileReference; lastKnownFileType = sourcecode.swift; path = AppDelegate.swift; sourceTree = "<group>"; };
		9B7F12F31F977C5F00B1E6CA /* ViewController.swift */ = {isa = PBXFileReference; lastKnownFileType = sourcecode.swift; path = ViewController.swift; sourceTree = "<group>"; };
		9B7F12F61F977C5F00B1E6CA /* Base */ = {isa = PBXFileReference; lastKnownFileType = file.storyboard; name = Base; path = Base.lproj/Main.storyboard; sourceTree = "<group>"; };
		9B7F12F81F977C5F00B1E6CA /* Assets.xcassets */ = {isa = PBXFileReference; lastKnownFileType = folder.assetcatalog; path = Assets.xcassets; sourceTree = "<group>"; };
		9B7F12FB1F977C5F00B1E6CA /* Base */ = {isa = PBXFileReference; lastKnownFileType = file.storyboard; name = Base; path = Base.lproj/LaunchScreen.storyboard; sourceTree = "<group>"; };
		9B7F12FD1F977C5F00B1E6CA /* Info.plist */ = {isa = PBXFileReference; lastKnownFileType = text.plist.xml; path = Info.plist; sourceTree = "<group>"; };
		9B7F13021F977C6000B1E6CA /* myRestaurantsASRTests.xctest */ = {isa = PBXFileReference; explicitFileType = wrapper.cfbundle; includeInIndex = 0; path = myRestaurantsASRTests.xctest; sourceTree = BUILT_PRODUCTS_DIR; };
		9B7F13061F977C6000B1E6CA /* myRestaurantsASRTests.swift */ = {isa = PBXFileReference; lastKnownFileType = sourcecode.swift; path = myRestaurantsASRTests.swift; sourceTree = "<group>"; };
		9B7F13081F977C6000B1E6CA /* Info.plist */ = {isa = PBXFileReference; lastKnownFileType = text.plist.xml; path = Info.plist; sourceTree = "<group>"; };
		9B7F130D1F977C6000B1E6CA /* myRestaurantsASRUITests.xctest */ = {isa = PBXFileReference; explicitFileType = wrapper.cfbundle; includeInIndex = 0; path = myRestaurantsASRUITests.xctest; sourceTree = BUILT_PRODUCTS_DIR; };
		9B7F13111F977C6000B1E6CA /* myRestaurantsASRUITests.swift */ = {isa = PBXFileReference; lastKnownFileType = sourcecode.swift; path = myRestaurantsASRUITests.swift; sourceTree = "<group>"; };
		9B7F13131F977C6000B1E6CA /* Info.plist */ = {isa = PBXFileReference; lastKnownFileType = text.plist.xml; path = Info.plist; sourceTree = "<group>"; };
/* End PBXFileReference section */

/* Begin PBXFrameworksBuildPhase section */
		9B7F12EB1F977C5F00B1E6CA /* Frameworks */ = {
			isa = PBXFrameworksBuildPhase;
			buildActionMask = 2147483647;
			files = (
			);
			runOnlyForDeploymentPostprocessing = 0;
		};
		9B7F12FF1F977C6000B1E6CA /* Frameworks */ = {
			isa = PBXFrameworksBuildPhase;
			buildActionMask = 2147483647;
			files = (
			);
			runOnlyForDeploymentPostprocessing = 0;
		};
		9B7F130A1F977C6000B1E6CA /* Frameworks */ = {
			isa = PBXFrameworksBuildPhase;
			buildActionMask = 2147483647;
			files = (
			);
			runOnlyForDeploymentPostprocessing = 0;
		};
/* End PBXFrameworksBuildPhase section */

/* Begin PBXGroup section */
		9B7F12E51F977C5F00B1E6CA = {
			isa = PBXGroup;
			children = (
				9B7F12F01F977C5F00B1E6CA /* myRestaurantsASR */,
				9B7F13051F977C6000B1E6CA /* myRestaurantsASRTests */,
				9B7F13101F977C6000B1E6CA /* myRestaurantsASRUITests */,
				9B7F12EF1F977C5F00B1E6CA /* Products */,
			);
			sourceTree = "<group>";
		};
		9B7F12EF1F977C5F00B1E6CA /* Products */ = {
			isa = PBXGroup;
			children = (
				9B7F12EE1F977C5F00B1E6CA /* myRestaurantsASR.app */,
				9B7F13021F977C6000B1E6CA /* myRestaurantsASRTests.xctest */,
				9B7F130D1F977C6000B1E6CA /* myRestaurantsASRUITests.xctest */,
			);
			name = Products;
			sourceTree = "<group>";
		};
		9B7F12F01F977C5F00B1E6CA /* myRestaurantsASR */ = {
			isa = PBXGroup;
			children = (
				9B7263D41F9A21D600766A7A /* RatingControl.swift */,
				9B7F12F11F977C5F00B1E6CA /* AppDelegate.swift */,
				9B7F12F31F977C5F00B1E6CA /* ViewController.swift */,
				9B7F12F51F977C5F00B1E6CA /* Main.storyboard */,
				9B7263DC1F9A4A4500766A7A /* RestaurantTableViewCell.swift */,
				9B7263DE1F9A4FAE00766A7A /* RestaurantTableViewController.swift */,
				9B7263D81F9A425C00766A7A /* Meal.swift */,
				9B7263DA1F9A426800766A7A /* Restaurant.swift */,
				9B7263D61F9A305600766A7A /* MealViewController.swift */,
				9B7F12F81F977C5F00B1E6CA /* Assets.xcassets */,
				9B7F12FA1F977C5F00B1E6CA /* LaunchScreen.storyboard */,
				9B7F12FD1F977C5F00B1E6CA /* Info.plist */,
			);
			path = myRestaurantsASR;
			sourceTree = "<group>";
		};
		9B7F13051F977C6000B1E6CA /* myRestaurantsASRTests */ = {
			isa = PBXGroup;
			children = (
				9B7F13061F977C6000B1E6CA /* myRestaurantsASRTests.swift */,
				9B7F13081F977C6000B1E6CA /* Info.plist */,
			);
			path = myRestaurantsASRTests;
			sourceTree = "<group>";
		};
		9B7F13101F977C6000B1E6CA /* myRestaurantsASRUITests */ = {
			isa = PBXGroup;
			children = (
				9B7F13111F977C6000B1E6CA /* myRestaurantsASRUITests.swift */,
				9B7F13131F977C6000B1E6CA /* Info.plist */,
			);
			path = myRestaurantsASRUITests;
			sourceTree = "<group>";
		};
/* End PBXGroup section */

/* Begin PBXNativeTarget section */
		9B7F12ED1F977C5F00B1E6CA /* myRestaurantsASR */ = {
			isa = PBXNativeTarget;
			buildConfigurationList = 9B7F13161F977C6000B1E6CA /* Build configuration list for PBXNativeTarget "myRestaurantsASR" */;
			buildPhases = (
				9B7F12EA1F977C5F00B1E6CA /* Sources */,
				9B7F12EB1F977C5F00B1E6CA /* Frameworks */,
				9B7F12EC1F977C5F00B1E6CA /* Resources */,
			);
			buildRules = (
			);
			dependencies = (
			);
			name = myRestaurantsASR;
			productName = myRestaurantsASR;
			productReference = 9B7F12EE1F977C5F00B1E6CA /* myRestaurantsASR.app */;
			productType = "com.apple.product-type.application";
		};
		9B7F13011F977C6000B1E6CA /* myRestaurantsASRTests */ = {
			isa = PBXNativeTarget;
			buildConfigurationList = 9B7F13191F977C6000B1E6CA /* Build configuration list for PBXNativeTarget "myRestaurantsASRTests" */;
			buildPhases = (
				9B7F12FE1F977C6000B1E6CA /* Sources */,
				9B7F12FF1F977C6000B1E6CA /* Frameworks */,
				9B7F13001F977C6000B1E6CA /* Resources */,
			);
			buildRules = (
			);
			dependencies = (
				9B7F13041F977C6000B1E6CA /* PBXTargetDependency */,
			);
			name = myRestaurantsASRTests;
			productName = myRestaurantsASRTests;
			productReference = 9B7F13021F977C6000B1E6CA /* myRestaurantsASRTests.xctest */;
			productType = "com.apple.product-type.bundle.unit-test";
		};
		9B7F130C1F977C6000B1E6CA /* myRestaurantsASRUITests */ = {
			isa = PBXNativeTarget;
			buildConfigurationList = 9B7F131C1F977C6000B1E6CA /* Build configuration list for PBXNativeTarget "myRestaurantsASRUITests" */;
			buildPhases = (
				9B7F13091F977C6000B1E6CA /* Sources */,
				9B7F130A1F977C6000B1E6CA /* Frameworks */,
				9B7F130B1F977C6000B1E6CA /* Resources */,
			);
			buildRules = (
			);
			dependencies = (
				9B7F130F1F977C6000B1E6CA /* PBXTargetDependency */,
			);
			name = myRestaurantsASRUITests;
			productName = myRestaurantsASRUITests;
			productReference = 9B7F130D1F977C6000B1E6CA /* myRestaurantsASRUITests.xctest */;
			productType = "com.apple.product-type.bundle.ui-testing";
		};
/* End PBXNativeTarget section */

/* Begin PBXProject section */
		9B7F12E61F977C5F00B1E6CA /* Project object */ = {
			isa = PBXProject;
			attributes = {
				LastSwiftUpdateCheck = 0830;
				LastUpgradeCheck = 0830;
				ORGANIZATIONNAME = MacStudent;
				TargetAttributes = {
					9B7F12ED1F977C5F00B1E6CA = {
						CreatedOnToolsVersion = 8.3.3;
						ProvisioningStyle = Automatic;
					};
					9B7F13011F977C6000B1E6CA = {
						CreatedOnToolsVersion = 8.3.3;
						ProvisioningStyle = Automatic;
						TestTargetID = 9B7F12ED1F977C5F00B1E6CA;
					};
					9B7F130C1F977C6000B1E6CA = {
						CreatedOnToolsVersion = 8.3.3;
						ProvisioningStyle = Automatic;
						TestTargetID = 9B7F12ED1F977C5F00B1E6CA;
					};
				};
			};
			buildConfigurationList = 9B7F12E91F977C5F00B1E6CA /* Build configuration list for PBXProject "myRestaurantsASR" */;
			compatibilityVersion = "Xcode 3.2";
			developmentRegion = English;
			hasScannedForEncodings = 0;
			knownRegions = (
				en,
				Base,
			);
			mainGroup = 9B7F12E51F977C5F00B1E6CA;
			productRefGroup = 9B7F12EF1F977C5F00B1E6CA /* Products */;
			projectDirPath = "";
			projectRoot = "";
			targets = (
				9B7F12ED1F977C5F00B1E6CA /* myRestaurantsASR */,
				9B7F13011F977C6000B1E6CA /* myRestaurantsASRTests */,
				9B7F130C1F977C6000B1E6CA /* myRestaurantsASRUITests */,
			);
		};
/* End PBXProject section */

/* Begin PBXResourcesBuildPhase section */
		9B7F12EC1F977C5F00B1E6CA /* Resources */ = {
			isa = PBXResourcesBuildPhase;
			buildActionMask = 2147483647;
			files = (
				9B7F12FC1F977C5F00B1E6CA /* LaunchScreen.storyboard in Resources */,
				9B7F12F91F977C5F00B1E6CA /* Assets.xcassets in Resources */,
				9B7F12F71F977C5F00B1E6CA /* Main.storyboard in Resources */,
			);
			runOnlyForDeploymentPostprocessing = 0;
		};
		9B7F13001F977C6000B1E6CA /* Resources */ = {
			isa = PBXResourcesBuildPhase;
			buildActionMask = 2147483647;
			files = (
			);
			runOnlyForDeploymentPostprocessing = 0;
		};
		9B7F130B1F977C6000B1E6CA /* Resources */ = {
			isa = PBXResourcesBuildPhase;
			buildActionMask = 2147483647;
			files = (
			);
			runOnlyForDeploymentPostprocessing = 0;
		};
/* End PBXResourcesBuildPhase section */

/* Begin PBXSourcesBuildPhase section */
		9B7F12EA1F977C5F00B1E6CA /* Sources */ = {
			isa = PBXSourcesBuildPhase;
			buildActionMask = 2147483647;
			files = (
				9B7263D91F9A425C00766A7A /* Meal.swift in Sources */,
				9B7263DF1F9A4FAE00766A7A /* RestaurantTableViewController.swift in Sources */,
				9B7F12F41F977C5F00B1E6CA /* ViewController.swift in Sources */,
				9B7263DB1F9A426800766A7A /* Restaurant.swift in Sources */,
				9B7263D71F9A305600766A7A /* MealViewController.swift in Sources */,
				9B7263D51F9A21D600766A7A /* RatingControl.swift in Sources */,
				9B7263DD1F9A4A4500766A7A /* RestaurantTableViewCell.swift in Sources */,
				9B7F12F21F977C5F00B1E6CA /* AppDelegate.swift in Sources */,
			);
			runOnlyForDeploymentPostprocessing = 0;
		};
		9B7F12FE1F977C6000B1E6CA /* Sources */ = {
			isa = PBXSourcesBuildPhase;
			buildActionMask = 2147483647;
			files = (
				9B7F13071F977C6000B1E6CA /* myRestaurantsASRTests.swift in Sources */,
			);
			runOnlyForDeploymentPostprocessing = 0;
		};
		9B7F13091F977C6000B1E6CA /* Sources */ = {
			isa = PBXSourcesBuildPhase;
			buildActionMask = 2147483647;
			files = (
				9B7F13121F977C6000B1E6CA /* myRestaurantsASRUITests.swift in Sources */,
			);
			runOnlyForDeploymentPostprocessing = 0;
		};
/* End PBXSourcesBuildPhase section */

/* Begin PBXTargetDependency section */
		9B7F13041F977C6000B1E6CA /* PBXTargetDependency */ = {
			isa = PBXTargetDependency;
			target = 9B7F12ED1F977C5F00B1E6CA /* myRestaurantsASR */;
			targetProxy = 9B7F13031F977C6000B1E6CA /* PBXContainerItemProxy */;
		};
		9B7F130F1F977C6000B1E6CA /* PBXTargetDependency */ = {
			isa = PBXTargetDependency;
			target = 9B7F12ED1F977C5F00B1E6CA /* myRestaurantsASR */;
			targetProxy = 9B7F130E1F977C6000B1E6CA /* PBXContainerItemProxy */;
		};
/* End PBXTargetDependency section */

/* Begin PBXVariantGroup section */
		9B7F12F51F977C5F00B1E6CA /* Main.storyboard */ = {
			isa = PBXVariantGroup;
			children = (
				9B7F12F61F977C5F00B1E6CA /* Base */,
			);
			name = Main.storyboard;
			sourceTree = "<group>";
		};
		9B7F12FA1F977C5F00B1E6CA /* LaunchScreen.storyboard */ = {
			isa = PBXVariantGroup;
			children = (
				9B7F12FB1F977C5F00B1E6CA /* Base */,
			);
			name = LaunchScreen.storyboard;
			sourceTree = "<group>";
		};
/* End PBXVariantGroup section */

/* Begin XCBuildConfiguration section */
		9B7F13141F977C6000B1E6CA /* Debug */ = {
			isa = XCBuildConfiguration;
			buildSettings = {
				ALWAYS_SEARCH_USER_PATHS = NO;
				CLANG_ANALYZER_NONNULL = YES;
				CLANG_ANALYZER_NUMBER_OBJECT_CONVERSION = YES_AGGRESSIVE;
				CLANG_CXX_LANGUAGE_STANDARD = "gnu++0x";
				CLANG_CXX_LIBRARY = "libc++";
				CLANG_ENABLE_MODULES = YES;
				CLANG_ENABLE_OBJC_ARC = YES;
				CLANG_WARN_BOOL_CONVERSION = YES;
				CLANG_WARN_CONSTANT_CONVERSION = YES;
				CLANG_WARN_DIRECT_OBJC_ISA_USAGE = YES_ERROR;
				CLANG_WARN_DOCUMENTATION_COMMENTS = YES;
				CLANG_WARN_EMPTY_BODY = YES;
				CLANG_WARN_ENUM_CONVERSION = YES;
				CLANG_WARN_INFINITE_RECURSION = YES;
				CLANG_WARN_INT_CONVERSION = YES;
				CLANG_WARN_OBJC_ROOT_CLASS = YES_ERROR;
				CLANG_WARN_SUSPICIOUS_MOVE = YES;
				CLANG_WARN_UNREACHABLE_CODE = YES;
				CLANG_WARN__DUPLICATE_METHOD_MATCH = YES;
				"CODE_SIGN_IDENTITY[sdk=iphoneos*]" = "iPhone Developer";
				COPY_PHASE_STRIP = NO;
				DEBUG_INFORMATION_FORMAT = dwarf;
				ENABLE_STRICT_OBJC_MSGSEND = YES;
				ENABLE_TESTABILITY = YES;
				GCC_C_LANGUAGE_STANDARD = gnu99;
				GCC_DYNAMIC_NO_PIC = NO;
				GCC_NO_COMMON_BLOCKS = YES;
				GCC_OPTIMIZATION_LEVEL = 0;
				GCC_PREPROCESSOR_DEFINITIONS = (
					"DEBUG=1",
					"$(inherited)",
				);
				GCC_WARN_64_TO_32_BIT_CONVERSION = YES;
				GCC_WARN_ABOUT_RETURN_TYPE = YES_ERROR;
				GCC_WARN_UNDECLARED_SELECTOR = YES;
				GCC_WARN_UNINITIALIZED_AUTOS = YES_AGGRESSIVE;
				GCC_WARN_UNUSED_FUNCTION = YES;
				GCC_WARN_UNUSED_VARIABLE = YES;
				IPHONEOS_DEPLOYMENT_TARGET = 10.3;
				MTL_ENABLE_DEBUG_INFO = YES;
				ONLY_ACTIVE_ARCH = YES;
				SDKROOT = iphoneos;
				SWIFT_ACTIVE_COMPILATION_CONDITIONS = DEBUG;
				SWIFT_OPTIMIZATION_LEVEL = "-Onone";
				TARGETED_DEVICE_FAMILY = "1,2";
			};
			name = Debug;
		};
		9B7F13151F977C6000B1E6CA /* Release */ = {
			isa = XCBuildConfiguration;
			buildSettings = {
				ALWAYS_SEARCH_USER_PATHS = NO;
				CLANG_ANALYZER_NONNULL = YES;
				CLANG_ANALYZER_NUMBER_OBJECT_CONVERSION = YES_AGGRESSIVE;
				CLANG_CXX_LANGUAGE_STANDARD = "gnu++0x";
				CLANG_CXX_LIBRARY = "libc++";
				CLANG_ENABLE_MODULES = YES;
				CLANG_ENABLE_OBJC_ARC = YES;
				CLANG_WARN_BOOL_CONVERSION = YES;
				CLANG_WARN_CONSTANT_CONVERSION = YES;
				CLANG_WARN_DIRECT_OBJC_ISA_USAGE = YES_ERROR;
				CLANG_WARN_DOCUMENTATION_COMMENTS = YES;
				CLANG_WARN_EMPTY_BODY = YES;
				CLANG_WARN_ENUM_CONVERSION = YES;
				CLANG_WARN_INFINITE_RECURSION = YES;
				CLANG_WARN_INT_CONVERSION = YES;
				CLANG_WARN_OBJC_ROOT_CLASS = YES_ERROR;
				CLANG_WARN_SUSPICIOUS_MOVE = YES;
				CLANG_WARN_UNREACHABLE_CODE = YES;
				CLANG_WARN__DUPLICATE_METHOD_MATCH = YES;
				"CODE_SIGN_IDENTITY[sdk=iphoneos*]" = "iPhone Developer";
				COPY_PHASE_STRIP = NO;
				DEBUG_INFORMATION_FORMAT = "dwarf-with-dsym";
				ENABLE_NS_ASSERTIONS = NO;
				ENABLE_STRICT_OBJC_MSGSEND = YES;
				GCC_C_LANGUAGE_STANDARD = gnu99;
				GCC_NO_COMMON_BLOCKS = YES;
				GCC_WARN_64_TO_32_BIT_CONVERSION = YES;
				GCC_WARN_ABOUT_RETURN_TYPE = YES_ERROR;
				GCC_WARN_UNDECLARED_SELECTOR = YES;
				GCC_WARN_UNINITIALIZED_AUTOS = YES_AGGRESSIVE;
				GCC_WARN_UNUSED_FUNCTION = YES;
				GCC_WARN_UNUSED_VARIABLE = YES;
				IPHONEOS_DEPLOYMENT_TARGET = 10.3;
				MTL_ENABLE_DEBUG_INFO = NO;
				SDKROOT = iphoneos;
				SWIFT_OPTIMIZATION_LEVEL = "-Owholemodule";
				TARGETED_DEVICE_FAMILY = "1,2";
				VALIDATE_PRODUCT = YES;
			};
			name = Release;
		};
		9B7F13171F977C6000B1E6CA /* Debug */ = {
			isa = XCBuildConfiguration;
			buildSettings = {
				ASSETCATALOG_COMPILER_APPICON_NAME = AppIcon;
				INFOPLIST_FILE = myRestaurantsASR/Info.plist;
				LD_RUNPATH_SEARCH_PATHS = "$(inherited) @executable_path/Frameworks";
				PRODUCT_BUNDLE_IDENTIFIER = CestarCollege.myRestaurantsASR;
				PRODUCT_NAME = "$(TARGET_NAME)";
				SWIFT_VERSION = 3.0;
			};
			name = Debug;
		};
		9B7F13181F977C6000B1E6CA /* Release */ = {
			isa = XCBuildConfiguration;
			buildSettings = {
				ASSETCATALOG_COMPILER_APPICON_NAME = AppIcon;
				INFOPLIST_FILE = myRestaurantsASR/Info.plist;
				LD_RUNPATH_SEARCH_PATHS = "$(inherited) @executable_path/Frameworks";
				PRODUCT_BUNDLE_IDENTIFIER = CestarCollege.myRestaurantsASR;
				PRODUCT_NAME = "$(TARGET_NAME)";
				SWIFT_VERSION = 3.0;
			};
			name = Release;
		};
		9B7F131A1F977C6000B1E6CA /* Debug */ = {
			isa = XCBuildConfiguration;
			buildSettings = {
				ALWAYS_EMBED_SWIFT_STANDARD_LIBRARIES = YES;
				BUNDLE_LOADER = "$(TEST_HOST)";
				INFOPLIST_FILE = myRestaurantsASRTests/Info.plist;
				LD_RUNPATH_SEARCH_PATHS = "$(inherited) @executable_path/Frameworks @loader_path/Frameworks";
				PRODUCT_BUNDLE_IDENTIFIER = CestarCollege.myRestaurantsASRTests;
				PRODUCT_NAME = "$(TARGET_NAME)";
				SWIFT_VERSION = 3.0;
				TEST_HOST = "$(BUILT_PRODUCTS_DIR)/myRestaurantsASR.app/myRestaurantsASR";
			};
			name = Debug;
		};
		9B7F131B1F977C6000B1E6CA /* Release */ = {
			isa = XCBuildConfiguration;
			buildSettings = {
				ALWAYS_EMBED_SWIFT_STANDARD_LIBRARIES = YES;
				BUNDLE_LOADER = "$(TEST_HOST)";
				INFOPLIST_FILE = myRestaurantsASRTests/Info.plist;
				LD_RUNPATH_SEARCH_PATHS = "$(inherited) @executable_path/Frameworks @loader_path/Frameworks";
				PRODUCT_BUNDLE_IDENTIFIER = CestarCollege.myRestaurantsASRTests;
				PRODUCT_NAME = "$(TARGET_NAME)";
				SWIFT_VERSION = 3.0;
				TEST_HOST = "$(BUILT_PRODUCTS_DIR)/myRestaurantsASR.app/myRestaurantsASR";
			};
			name = Release;
		};
		9B7F131D1F977C6000B1E6CA /* Debug */ = {
			isa = XCBuildConfiguration;
			buildSettings = {
				ALWAYS_EMBED_SWIFT_STANDARD_LIBRARIES = YES;
				INFOPLIST_FILE = myRestaurantsASRUITests/Info.plist;
				LD_RUNPATH_SEARCH_PATHS = "$(inherited) @executable_path/Frameworks @loader_path/Frameworks";
				PRODUCT_BUNDLE_IDENTIFIER = CestarCollege.myRestaurantsASRUITests;
				PRODUCT_NAME = "$(TARGET_NAME)";
				SWIFT_VERSION = 3.0;
				TEST_TARGET_NAME = myRestaurantsASR;
			};
			name = Debug;
		};
		9B7F131E1F977C6000B1E6CA /* Release */ = {
			isa = XCBuildConfiguration;
			buildSettings = {
				ALWAYS_EMBED_SWIFT_STANDARD_LIBRARIES = YES;
				INFOPLIST_FILE = myRestaurantsASRUITests/Info.plist;
				LD_RUNPATH_SEARCH_PATHS = "$(inherited) @executable_path/Frameworks @loader_path/Frameworks";
				PRODUCT_BUNDLE_IDENTIFIER = CestarCollege.myRestaurantsASRUITests;
				PRODUCT_NAME = "$(TARGET_NAME)";
				SWIFT_VERSION = 3.0;
				TEST_TARGET_NAME = myRestaurantsASR;
			};
			name = Release;
		};
/* End XCBuildConfiguration section */

/* Begin XCConfigurationList section */
		9B7F12E91F977C5F00B1E6CA /* Build configuration list for PBXProject "myRestaurantsASR" */ = {
			isa = XCConfigurationList;
			buildConfigurations = (
				9B7F13141F977C6000B1E6CA /* Debug */,
				9B7F13151F977C6000B1E6CA /* Release */,
			);
			defaultConfigurationIsVisible = 0;
			defaultConfigurationName = Release;
		};
		9B7F13161F977C6000B1E6CA /* Build configuration list for PBXNativeTarget "myRestaurantsASR" */ = {
			isa = XCConfigurationList;
			buildConfigurations = (
				9B7F13171F977C6000B1E6CA /* Debug */,
				9B7F13181F977C6000B1E6CA /* Release */,
			);
			defaultConfigurationIsVisible = 0;
			defaultConfigurationName = Release;
		};
		9B7F13191F977C6000B1E6CA /* Build configuration list for PBXNativeTarget "myRestaurantsASRTests" */ = {
			isa = XCConfigurationList;
			buildConfigurations = (
				9B7F131A1F977C6000B1E6CA /* Debug */,
				9B7F131B1F977C6000B1E6CA /* Release */,
			);
			defaultConfigurationIsVisible = 0;
			defaultConfigurationName = Release;
		};
		9B7F131C1F977C6000B1E6CA /* Build configuration list for PBXNativeTarget "myRestaurantsASRUITests" */ = {
			isa = XCConfigurationList;
			buildConfigurations = (
				9B7F131D1F977C6000B1E6CA /* Debug */,
				9B7F131E1F977C6000B1E6CA /* Release */,
			);
			defaultConfigurationIsVisible = 0;
			defaultConfigurationName = Release;
		};
/* End XCConfigurationList section */
	};
	rootObject = 9B7F12E61F977C5F00B1E6CA /* Project object */;
}
